{
  "object": {
    "pins": [
      {
        "package": "commonUtils",
        "repositoryURL": "https://github.com/vitalii-tielieusov/commonUtils.git",
        "state": {
          "branch": "master",
          "revision": "86ce9f3989d0c9377e94e3b5eb60071e86a15e1a",
          "version": null
        }
      },
      {
        "package": "math",
        "repositoryURL": "https://github.com/vitalii-tielieusov/math.git",
        "state": {
          "branch": "master",
          "revision": "18890cc051d36c72ebafda6232fabd80674adf2e",
          "version": null
        }
      },
      {
        "package": "SnapKit",
        "repositoryURL": "https://github.com/SnapKit/SnapKit.git",
        "state": {
          "branch": null,
          "revision": "f222cbdf325885926566172f6f5f06af95473158",
          "version": "5.6.0"
        }
      }
    ]
  },
  "version": 1
}
